
Microsoft Visual Studio Solution File, Format Version 12.00
# Visual Studio Version 16
VisualStudioVersion = 16.0.33214.272
MinimumVisualStudioVersion = 10.0.40219.1
Project("{FAE04EC0-301F-11D3-BF4B-00C04F79EFBC}") = "Mission6_ena0920", "Mission6_ena0920\Mission6_ena0920.csproj", "{F372589E-63F7-440B-A973-EA1A7CB24A9F}"
EndProject
Global
	GlobalSection(SolutionConfigurationPlatforms) = preSolution
		Debug|Any CPU = Debug|Any CPU
		Release|Any CPU = Release|Any CPU
	EndGlobalSection
	GlobalSection(ProjectConfigurationPlatforms) = postSolution
		{F372589E-63F7-440B-A973-EA1A7CB24A9F}.Debug|Any CPU.ActiveCfg = Debug|Any CPU
		{F372589E-63F7-440B-A973-EA1A7CB24A9F}.Debug|Any CPU.Build.0 = Debug|Any CPU
		{F372589E-63F7-440B-A973-EA1A7CB24A9F}.Release|Any CPU.ActiveCfg = Release|Any CPU
		{F372589E-63F7-440B-A973-EA1A7CB24A9F}.Release|Any CPU.Build.0 = Release|Any CPU
	EndGlobalSection
	GlobalSection(SolutionProperties) = preSolution
		HideSolutionNode = FALSE
	EndGlobalSection
	GlobalSection(ExtensibilityGlobals) = postSolution
		SolutionGuid = {2487254F-433D-4DCD-93C4-F0C534524344}
	EndGlobalSection
EndGlobal
